// !$*UTF8*$!
{
	archiveVersion = 1;
	classes = {
	};
	objectVersion = 50;
	objects = {

/* Begin PBXBuildFile section */
		54552DA621FCFBFC009140F2 /* AppDelegate.swift in Sources */ = {isa = PBXBuildFile; fileRef = 54552DA521FCFBFC009140F2 /* AppDelegate.swift */; };
		54552DAB21FCFBFC009140F2 /* Main.storyboard in Resources */ = {isa = PBXBuildFile; fileRef = 54552DA921FCFBFC009140F2 /* Main.storyboard */; };
		54552DAD21FCFBFD009140F2 /* Assets.xcassets in Resources */ = {isa = PBXBuildFile; fileRef = 54552DAC21FCFBFD009140F2 /* Assets.xcassets */; };
		54552DB021FCFBFD009140F2 /* LaunchScreen.storyboard in Resources */ = {isa = PBXBuildFile; fileRef = 54552DAE21FCFBFD009140F2 /* LaunchScreen.storyboard */; };
		54552DBB21FCFBFD009140F2 /* ListExampleTests.swift in Sources */ = {isa = PBXBuildFile; fileRef = 54552DBA21FCFBFD009140F2 /* ListExampleTests.swift */; };
		54552DC721FD956C009140F2 /* ListEntryTableViewCell.swift in Sources */ = {isa = PBXBuildFile; fileRef = 54552DC621FD956C009140F2 /* ListEntryTableViewCell.swift */; };
		54552DC921FD9FD1009140F2 /* Needed.swift in Sources */ = {isa = PBXBuildFile; fileRef = 54552DC821FD9FD1009140F2 /* Needed.swift */; };
		54552DCB21FDA246009140F2 /* ListEntryTableViewController.swift in Sources */ = {isa = PBXBuildFile; fileRef = 54552DCA21FDA246009140F2 /* ListEntryTableViewController.swift */; };
/* End PBXBuildFile section */

/* Begin PBXContainerItemProxy section */
		54552DB721FCFBFD009140F2 /* PBXContainerItemProxy */ = {
			isa = PBXContainerItemProxy;
			containerPortal = 54552D9A21FCFBFC009140F2 /* Project object */;
			proxyType = 1;
			remoteGlobalIDString = 54552DA121FCFBFC009140F2;
			remoteInfo = ListExample;
		};
/* End PBXContainerItemProxy section */

/* Begin PBXFileReference section */
		54552DA221FCFBFC009140F2 /* ListExample.app */ = {isa = PBXFileReference; explicitFileType = wrapper.application; includeInIndex = 0; path = ListExample.app; sourceTree = BUILT_PRODUCTS_DIR; };
		54552DA521FCFBFC009140F2 /* AppDelegate.swift */ = {isa = PBXFileReference; lastKnownFileType = sourcecode.swift; path = AppDelegate.swift; sourceTree = "<group>"; };
		54552DAA21FCFBFC009140F2 /* Base */ = {isa = PBXFileReference; lastKnownFileType = file.storyboard; name = Base; path = Base.lproj/Main.storyboard; sourceTree = "<group>"; };
		54552DAC21FCFBFD009140F2 /* Assets.xcassets */ = {isa = PBXFileReference; lastKnownFileType = folder.assetcatalog; path = Assets.xcassets; sourceTree = "<group>"; };
		54552DAF21FCFBFD009140F2 /* Base */ = {isa = PBXFileReference; lastKnownFileType = file.storyboard; name = Base; path = Base.lproj/LaunchScreen.storyboard; sourceTree = "<group>"; };
		54552DB121FCFBFD009140F2 /* Info.plist */ = {isa = PBXFileReference; lastKnownFileType = text.plist.xml; path = Info.plist; sourceTree = "<group>"; };
		54552DB621FCFBFD009140F2 /* ListExampleTests.xctest */ = {isa = PBXFileReference; explicitFileType = wrapper.cfbundle; includeInIndex = 0; path = ListExampleTests.xctest; sourceTree = BUILT_PRODUCTS_DIR; };
		54552DBA21FCFBFD009140F2 /* ListExampleTests.swift */ = {isa = PBXFileReference; lastKnownFileType = sourcecode.swift; path = ListExampleTests.swift; sourceTree = "<group>"; };
		54552DBC21FCFBFD009140F2 /* Info.plist */ = {isa = PBXFileReference; lastKnownFileType = text.plist.xml; path = Info.plist; sourceTree = "<group>"; };
		54552DC621FD956C009140F2 /* ListEntryTableViewCell.swift */ = {isa = PBXFileReference; lastKnownFileType = sourcecode.swift; path = ListEntryTableViewCell.swift; sourceTree = "<group>"; };
		54552DC821FD9FD1009140F2 /* Needed.swift */ = {isa = PBXFileReference; lastKnownFileType = sourcecode.swift; path = Needed.swift; sourceTree = "<group>"; };
		54552DCA21FDA246009140F2 /* ListEntryTableViewController.swift */ = {isa = PBXFileReference; lastKnownFileType = sourcecode.swift; path = ListEntryTableViewController.swift; sourceTree = "<group>"; };
/* End PBXFileReference section */

/* Begin PBXFrameworksBuildPhase section */
		54552D9F21FCFBFC009140F2 /* Frameworks */ = {
			isa = PBXFrameworksBuildPhase;
			buildActionMask = 2147483647;
			files = (
			);
			runOnlyForDeploymentPostprocessing = 0;
		};
		54552DB321FCFBFD009140F2 /* Frameworks */ = {
			isa = PBXFrameworksBuildPhase;
			buildActionMask = 2147483647;
			files = (
			);
			runOnlyForDeploymentPostprocessing = 0;
		};
/* End PBXFrameworksBuildPhase section */

/* Begin PBXGroup section */
		54552D9921FCFBFC009140F2 = {
			isa = PBXGroup;
			children = (
				54552DA421FCFBFC009140F2 /* ListExample */,
				54552DB921FCFBFD009140F2 /* ListExampleTests */,
				54552DA321FCFBFC009140F2 /* Products */,
			);
			sourceTree = "<group>";
		};
		54552DA321FCFBFC009140F2 /* Products */ = {
			isa = PBXGroup;
			children = (
				54552DA221FCFBFC009140F2 /* ListExample.app */,
				54552DB621FCFBFD009140F2 /* ListExampleTests.xctest */,
			);
			name = Products;
			sourceTree = "<group>";
		};
		54552DA421FCFBFC009140F2 /* ListExample */ = {
			isa = PBXGroup;
			children = (
				54552DC521FCFCA1009140F2 /* supporting files */,
				54552DA921FCFBFC009140F2 /* Main.storyboard */,
				54552DC621FD956C009140F2 /* ListEntryTableViewCell.swift */,
				54552DC821FD9FD1009140F2 /* Needed.swift */,
				54552DCA21FDA246009140F2 /* ListEntryTableViewController.swift */,
				54552DB121FCFBFD009140F2 /* Info.plist */,
			);
			path = ListExample;
			sourceTree = "<group>";
		};
		54552DB921FCFBFD009140F2 /* ListExampleTests */ = {
			isa = PBXGroup;
			children = (
				54552DBA21FCFBFD009140F2 /* ListExampleTests.swift */,
				54552DBC21FCFBFD009140F2 /* Info.plist */,
			);
			path = ListExampleTests;
			sourceTree = "<group>";
		};
		54552DC521FCFCA1009140F2 /* supporting files */ = {
			isa = PBXGroup;
			children = (
				54552DA521FCFBFC009140F2 /* AppDelegate.swift */,
				54552DAC21FCFBFD009140F2 /* Assets.xcassets */,
				54552DAE21FCFBFD009140F2 /* LaunchScreen.storyboard */,
			);
			path = "supporting files";
			sourceTree = "<group>";
		};
/* End PBXGroup section */

/* Begin PBXNativeTarget section */
		54552DA121FCFBFC009140F2 /* ListExample */ = {
			isa = PBXNativeTarget;
			buildConfigurationList = 54552DBF21FCFBFD009140F2 /* Build configuration list for PBXNativeTarget "ListExample" */;
			buildPhases = (
				54552D9E21FCFBFC009140F2 /* Sources */,
				54552D9F21FCFBFC009140F2 /* Frameworks */,
				54552DA021FCFBFC009140F2 /* Resources */,
			);
			buildRules = (
			);
			dependencies = (
			);
			name = ListExample;
			productName = ListExample;
			productReference = 54552DA221FCFBFC009140F2 /* ListExample.app */;
			productType = "com.apple.product-type.application";
		};
		54552DB521FCFBFD009140F2 /* ListExampleTests */ = {
			isa = PBXNativeTarget;
			buildConfigurationList = 54552DC221FCFBFD009140F2 /* Build configuration list for PBXNativeTarget "ListExampleTests" */;
			buildPhases = (
				54552DB221FCFBFD009140F2 /* Sources */,
				54552DB321FCFBFD009140F2 /* Frameworks */,
				54552DB421FCFBFD009140F2 /* Resources */,
			);
			buildRules = (
			);
			dependencies = (
				54552DB821FCFBFD009140F2 /* PBXTargetDependency */,
			);
			name = ListExampleTests;
			productName = ListExampleTests;
			productReference = 54552DB621FCFBFD009140F2 /* ListExampleTests.xctest */;
			productType = "com.apple.product-type.bundle.unit-test";
		};
/* End PBXNativeTarget section */

/* Begin PBXProject section */
		54552D9A21FCFBFC009140F2 /* Project object */ = {
			isa = PBXProject;
			attributes = {
				LastSwiftUpdateCheck = 1010;
				LastUpgradeCheck = 1010;
				TargetAttributes = {
					54552DA121FCFBFC009140F2 = {
						CreatedOnToolsVersion = 10.1;
					};
					54552DB521FCFBFD009140F2 = {
						CreatedOnToolsVersion = 10.1;
						TestTargetID = 54552DA121FCFBFC009140F2;
					};
				};
			};
			buildConfigurationList = 54552D9D21FCFBFC009140F2 /* Build configuration list for PBXProject "ListExample" */;
			compatibilityVersion = "Xcode 9.3";
			developmentRegion = en;
			hasScannedForEncodings = 0;
			knownRegions = (
				en,
				Base,
			);
			mainGroup = 54552D9921FCFBFC009140F2;
			productRefGroup = 54552DA321FCFBFC009140F2 /* Products */;
			projectDirPath = "";
			projectRoot = "";
			targets = (
				54552DA121FCFBFC009140F2 /* ListExample */,
				54552DB521FCFBFD009140F2 /* ListExampleTests */,
			);
		};
/* End PBXProject section */

/* Begin PBXResourcesBuildPhase section */
		54552DA021FCFBFC009140F2 /* Resources */ = {
			isa = PBXResourcesBuildPhase;
			buildActionMask = 2147483647;
			files = (
				54552DB021FCFBFD009140F2 /* LaunchScreen.storyboard in Resources */,
				54552DAD21FCFBFD009140F2 /* Assets.xcassets in Resources */,
				54552DAB21FCFBFC009140F2 /* Main.storyboard in Resources */,
			);
			runOnlyForDeploymentPostprocessing = 0;
		};
		54552DB421FCFBFD009140F2 /* Resources */ = {
			isa = PBXResourcesBuildPhase;
			buildActionMask = 2147483647;
			files = (
			);
			runOnlyForDeploymentPostprocessing = 0;
		};
/* End PBXResourcesBuildPhase section */

/* Begin PBXSourcesBuildPhase section */
		54552D9E21FCFBFC009140F2 /* Sources */ = {
			isa = PBXSourcesBuildPhase;
			buildActionMask = 2147483647;
			files = (
				54552DC921FD9FD1009140F2 /* Needed.swift in Sources */,
				54552DC721FD956C009140F2 /* ListEntryTableViewCell.swift in Sources */,
				54552DCB21FDA246009140F2 /* ListEntryTableViewController.swift in Sources */,
				54552DA621FCFBFC009140F2 /* AppDelegate.swift in Sources */,
			);
			runOnlyForDeploymentPostprocessing = 0;
		};
		54552DB221FCFBFD009140F2 /* Sources */ = {
			isa = PBXSourcesBuildPhase;
			buildActionMask = 2147483647;
			files = (
				54552DBB21FCFBFD009140F2 /* ListExampleTests.swift in Sources */,
			);
			runOnlyForDeploymentPostprocessing = 0;
		};
/* End PBXSourcesBuildPhase section */

/* Begin PBXTargetDependency section */
		54552DB821FCFBFD009140F2 /* PBXTargetDependency */ = {
			isa = PBXTargetDependency;
			target = 54552DA121FCFBFC009140F2 /* ListExample */;
			targetProxy = 54552DB721FCFBFD009140F2 /* PBXContainerItemProxy */;
		};
/* End PBXTargetDependency section */

/* Begin PBXVariantGroup section */
		54552DA921FCFBFC009140F2 /* Main.storyboard */ = {
			isa = PBXVariantGroup;
			children = (
				54552DAA21FCFBFC009140F2 /* Base */,
			);
			name = Main.storyboard;
			sourceTree = "<group>";
		};
		54552DAE21FCFBFD009140F2 /* LaunchScreen.storyboard */ = {
			isa = PBXVariantGroup;
			children = (
				54552DAF21FCFBFD009140F2 /* Base */,
			);
			name = LaunchScreen.storyboard;
			sourceTree = "<group>";
		};
/* End PBXVariantGroup section */

/* Begin XCBuildConfiguration section */
		54552DBD21FCFBFD009140F2 /* Debug */ = {
			isa = XCBuildConfiguration;
			buildSettings = {
				ALWAYS_SEARCH_USER_PATHS = NO;
				CLANG_ANALYZER_NONNULL = YES;
				CLANG_ANALYZER_NUMBER_OBJECT_CONVERSION = YES_AGGRESSIVE;
				CLANG_CXX_LANGUAGE_STANDARD = "gnu++14";
				CLANG_CXX_LIBRARY = "libc++";
				CLANG_ENABLE_MODULES = YES;
				CLANG_ENABLE_OBJC_ARC = YES;
				CLANG_ENABLE_OBJC_WEAK = YES;
				CLANG_WARN_BLOCK_CAPTURE_AUTORELEASING = YES;
				CLANG_WARN_BOOL_CONVERSION = YES;
				CLANG_WARN_COMMA = YES;
				CLANG_WARN_CONSTANT_CONVERSION = YES;
				CLANG_WARN_DEPRECATED_OBJC_IMPLEMENTATIONS = YES;
				CLANG_WARN_DIRECT_OBJC_ISA_USAGE = YES_ERROR;
				CLANG_WARN_DOCUMENTATION_COMMENTS = YES;
				CLANG_WARN_EMPTY_BODY = YES;
				CLANG_WARN_ENUM_CONVERSION = YES;
				CLANG_WARN_INFINITE_RECURSION = YES;
				CLANG_WARN_INT_CONVERSION = YES;
				CLANG_WARN_NON_LITERAL_NULL_CONVERSION = YES;
				CLANG_WARN_OBJC_IMPLICIT_RETAIN_SELF = YES;
				CLANG_WARN_OBJC_LITERAL_CONVERSION = YES;
				CLANG_WARN_OBJC_ROOT_CLASS = YES_ERROR;
				CLANG_WARN_RANGE_LOOP_ANALYSIS = YES;
				CLANG_WARN_STRICT_PROTOTYPES = YES;
				CLANG_WARN_SUSPICIOUS_MOVE = YES;
				CLANG_WARN_UNGUARDED_AVAILABILITY = YES_AGGRESSIVE;
				CLANG_WARN_UNREACHABLE_CODE = YES;
				CLANG_WARN__DUPLICATE_METHOD_MATCH = YES;
				CODE_SIGN_IDENTITY = "iPhone Developer";
				COPY_PHASE_STRIP = NO;
				DEBUG_INFORMATION_FORMAT = dwarf;
				ENABLE_STRICT_OBJC_MSGSEND = YES;
				ENABLE_TESTABILITY = YES;
				GCC_C_LANGUAGE_STANDARD = gnu11;
				GCC_DYNAMIC_NO_PIC = NO;
				GCC_NO_COMMON_BLOCKS = YES;
				GCC_OPTIMIZATION_LEVEL = 0;
				GCC_PREPROCESSOR_DEFINITIONS = (
					"DEBUG=1",
					"$(inherited)",
				);
				GCC_WARN_64_TO_32_BIT_CONVERSION = YES;
				GCC_WARN_ABOUT_RETURN_TYPE = YES_ERROR;
				GCC_WARN_UNDECLARED_SELECTOR = YES;
				GCC_WARN_UNINITIALIZED_AUTOS = YES_AGGRESSIVE;
				GCC_WARN_UNUSED_FUNCTION = YES;
				GCC_WARN_UNUSED_VARIABLE = YES;
				IPHONEOS_DEPLOYMENT_TARGET = 12.1;
				MTL_ENABLE_DEBUG_INFO = INCLUDE_SOURCE;
				MTL_FAST_MATH = YES;
				ONLY_ACTIVE_ARCH = YES;
				SDKROOT = iphoneos;
				SWIFT_ACTIVE_COMPILATION_CONDITIONS = DEBUG;
				SWIFT_OPTIMIZATION_LEVEL = "-Onone";
			};
			name = Debug;
		};
		54552DBE21FCFBFD009140F2 /* Release */ = {
			isa = XCBuildConfiguration;
			buildSettings = {
				ALWAYS_SEARCH_USER_PATHS = NO;
				CLANG_ANALYZER_NONNULL = YES;
				CLANG_ANALYZER_NUMBER_OBJECT_CONVERSION = YES_AGGRESSIVE;
				CLANG_CXX_LANGUAGE_STANDARD = "gnu++14";
				CLANG_CXX_LIBRARY = "libc++";
				CLANG_ENABLE_MODULES = YES;
				CLANG_ENABLE_OBJC_ARC = YES;
				CLANG_ENABLE_OBJC_WEAK = YES;
				CLANG_WARN_BLOCK_CAPTURE_AUTORELEASING = YES;
				CLANG_WARN_BOOL_CONVERSION = YES;
				CLANG_WARN_COMMA = YES;
				CLANG_WARN_CONSTANT_CONVERSION = YES;
				CLANG_WARN_DEPRECATED_OBJC_IMPLEMENTATIONS = YES;
				CLANG_WARN_DIRECT_OBJC_ISA_USAGE = YES_ERROR;
				CLANG_WARN_DOCUMENTATION_COMMENTS = YES;
				CLANG_WARN_EMPTY_BODY = YES;
				CLANG_WARN_ENUM_CONVERSION = YES;
				CLANG_WARN_INFINITE_RECURSION = YES;
				CLANG_WARN_INT_CONVERSION = YES;
				CLANG_WARN_NON_LITERAL_NULL_CONVERSION = YES;
				CLANG_WARN_OBJC_IMPLICIT_RETAIN_SELF = YES;
				CLANG_WARN_OBJC_LITERAL_CONVERSION = YES;
				CLANG_WARN_OBJC_ROOT_CLASS = YES_ERROR;
				CLANG_WARN_RANGE_LOOP_ANALYSIS = YES;
				CLANG_WARN_STRICT_PROTOTYPES = YES;
				CLANG_WARN_SUSPICIOUS_MOVE = YES;
				CLANG_WARN_UNGUARDED_AVAILABILITY = YES_AGGRESSIVE;
				CLANG_WARN_UNREACHABLE_CODE = YES;
				CLANG_WARN__DUPLICATE_METHOD_MATCH = YES;
				CODE_SIGN_IDENTITY = "iPhone Developer";
				COPY_PHASE_STRIP = NO;
				DEBUG_INFORMATION_FORMAT = "dwarf-with-dsym";
				ENABLE_NS_ASSERTIONS = NO;
				ENABLE_STRICT_OBJC_MSGSEND = YES;
				GCC_C_LANGUAGE_STANDARD = gnu11;
				GCC_NO_COMMON_BLOCKS = YES;
				GCC_WARN_64_TO_32_BIT_CONVERSION = YES;
				GCC_WARN_ABOUT_RETURN_TYPE = YES_ERROR;
				GCC_WARN_UNDECLARED_SELECTOR = YES;
				GCC_WARN_UNINITIALIZED_AUTOS = YES_AGGRESSIVE;
				GCC_WARN_UNUSED_FUNCTION = YES;
				GCC_WARN_UNUSED_VARIABLE = YES;
				IPHONEOS_DEPLOYMENT_TARGET = 12.1;
				MTL_ENABLE_DEBUG_INFO = NO;
				MTL_FAST_MATH = YES;
				SDKROOT = iphoneos;
				SWIFT_COMPILATION_MODE = wholemodule;
				SWIFT_OPTIMIZATION_LEVEL = "-O";
				VALIDATE_PRODUCT = YES;
			};
			name = Release;
		};
		54552DC021FCFBFD009140F2 /* Debug */ = {
			isa = XCBuildConfiguration;
			buildSettings = {
				ASSETCATALOG_COMPILER_APPICON_NAME = AppIcon;
				CODE_SIGN_STYLE = Automatic;
				INFOPLIST_FILE = ListExample/Info.plist;
				LD_RUNPATH_SEARCH_PATHS = (
					"$(inherited)",
					"@executable_path/Frameworks",
				);
				PRODUCT_BUNDLE_IDENTIFIER = com.example.ListExample;
				PRODUCT_NAME = "$(TARGET_NAME)";
				SWIFT_VERSION = 4.2;
				TARGETED_DEVICE_FAMILY = "1,2";
			};
			name = Debug;
		};
		54552DC121FCFBFD009140F2 /* Release */ = {
			isa = XCBuildConfiguration;
			buildSettings = {
				ASSETCATALOG_COMPILER_APPICON_NAME = AppIcon;
				CODE_SIGN_STYLE = Automatic;
				INFOPLIST_FILE = ListExample/Info.plist;
				LD_RUNPATH_SEARCH_PATHS = (
					"$(inherited)",
					"@executable_path/Frameworks",
				);
				PRODUCT_BUNDLE_IDENTIFIER = com.example.ListExample;
				PRODUCT_NAME = "$(TARGET_NAME)";
				SWIFT_VERSION = 4.2;
				TARGETED_DEVICE_FAMILY = "1,2";
			};
			name = Release;
		};
		54552DC321FCFBFD009140F2 /* Debug */ = {
			isa = XCBuildConfiguration;
			buildSettings = {
				ALWAYS_EMBED_SWIFT_STANDARD_LIBRARIES = YES;
				BUNDLE_LOADER = "$(TEST_HOST)";
				CODE_SIGN_STYLE = Automatic;
				INFOPLIST_FILE = ListExampleTests/Info.plist;
				LD_RUNPATH_SEARCH_PATHS = (
					"$(inherited)",
					"@executable_path/Frameworks",
					"@loader_path/Frameworks",
				);
				PRODUCT_BUNDLE_IDENTIFIER = com.example.ListExampleTests;
				PRODUCT_NAME = "$(TARGET_NAME)";
				SWIFT_VERSION = 4.2;
				TARGETED_DEVICE_FAMILY = "1,2";
				TEST_HOST = "$(BUILT_PRODUCTS_DIR)/ListExample.app/ListExample";
			};
			name = Debug;
		};
		54552DC421FCFBFD009140F2 /* Release */ = {
			isa = XCBuildConfiguration;
			buildSettings = {
				ALWAYS_EMBED_SWIFT_STANDARD_LIBRARIES = YES;
				BUNDLE_LOADER = "$(TEST_HOST)";
				CODE_SIGN_STYLE = Automatic;
				INFOPLIST_FILE = ListExampleTests/Info.plist;
				LD_RUNPATH_SEARCH_PATHS = (
					"$(inherited)",
					"@executable_path/Frameworks",
					"@loader_path/Frameworks",
				);
				PRODUCT_BUNDLE_IDENTIFIER = com.example.ListExampleTests;
				PRODUCT_NAME = "$(TARGET_NAME)";
				SWIFT_VERSION = 4.2;
				TARGETED_DEVICE_FAMILY = "1,2";
				TEST_HOST = "$(BUILT_PRODUCTS_DIR)/ListExample.app/ListExample";
			};
			name = Release;
		};
/* End XCBuildConfiguration section */

/* Begin XCConfigurationList section */
		54552D9D21FCFBFC009140F2 /* Build configuration list for PBXProject "ListExample" */ = {
			isa = XCConfigurationList;
			buildConfigurations = (
				54552DBD21FCFBFD009140F2 /* Debug */,
				54552DBE21FCFBFD009140F2 /* Release */,
			);
			defaultConfigurationIsVisible = 0;
			defaultConfigurationName = Release;
		};
		54552DBF21FCFBFD009140F2 /* Build configuration list for PBXNativeTarget "ListExample" */ = {
			isa = XCConfigurationList;
			buildConfigurations = (
				54552DC021FCFBFD009140F2 /* Debug */,
				54552DC121FCFBFD009140F2 /* Release */,
			);
			defaultConfigurationIsVisible = 0;
			defaultConfigurationName = Release;
		};
		54552DC221FCFBFD009140F2 /* Build configuration list for PBXNativeTarget "ListExampleTests" */ = {
			isa = XCConfigurationList;
			buildConfigurations = (
				54552DC321FCFBFD009140F2 /* Debug */,
				54552DC421FCFBFD009140F2 /* Release */,
			);
			defaultConfigurationIsVisible = 0;
			defaultConfigurationName = Release;
		};
/* End XCConfigurationList section */
	};
	rootObject = 54552D9A21FCFBFC009140F2 /* Project object */;
}
